// !$*UTF8*$!
{
	archiveVersion = 1;
	classes = {
	};
	objectVersion = 55;
	objects = {

/* Begin PBXBuildFile section */
		18141251C16BC00DE094A207 /* Pods_PracticeLesson.framework in Frameworks */ = {isa = PBXBuildFile; fileRef = 6B704E961ED1884D4121B5D9 /* Pods_PracticeLesson.framework */; };
		C03693B4298D0D33005CB915 /* AppDelegate.swift in Sources */ = {isa = PBXBuildFile; fileRef = C03693B3298D0D33005CB915 /* AppDelegate.swift */; };
		C03693B6298D0D33005CB915 /* SceneDelegate.swift in Sources */ = {isa = PBXBuildFile; fileRef = C03693B5298D0D33005CB915 /* SceneDelegate.swift */; };
		C03693B8298D0D33005CB915 /* MainViewController.swift in Sources */ = {isa = PBXBuildFile; fileRef = C03693B7298D0D33005CB915 /* MainViewController.swift */; };
		C03693BB298D0D33005CB915 /* Main.storyboard in Resources */ = {isa = PBXBuildFile; fileRef = C03693B9298D0D33005CB915 /* Main.storyboard */; };
		C03693BD298D0D34005CB915 /* Assets.xcassets in Resources */ = {isa = PBXBuildFile; fileRef = C03693BC298D0D34005CB915 /* Assets.xcassets */; };
		C03693C0298D0D34005CB915 /* LaunchScreen.storyboard in Resources */ = {isa = PBXBuildFile; fileRef = C03693BE298D0D34005CB915 /* LaunchScreen.storyboard */; };
		C03693C8298D0DEE005CB915 /* NetworkLayer.swift in Sources */ = {isa = PBXBuildFile; fileRef = C03693C7298D0DEE005CB915 /* NetworkLayer.swift */; };
		C03693CE298D0FB3005CB915 /* Posts.swift in Sources */ = {isa = PBXBuildFile; fileRef = C03693CD298D0FB3005CB915 /* Posts.swift */; };
		C03693D4298D1436005CB915 /* MainViewModel.swift in Sources */ = {isa = PBXBuildFile; fileRef = C03693D3298D1436005CB915 /* MainViewModel.swift */; };
/* End PBXBuildFile section */

/* Begin PBXFileReference section */
		4647FDF2B51C334116EFCB28 /* Pods-PracticeLesson.release.xcconfig */ = {isa = PBXFileReference; includeInIndex = 1; lastKnownFileType = text.xcconfig; name = "Pods-PracticeLesson.release.xcconfig"; path = "Target Support Files/Pods-PracticeLesson/Pods-PracticeLesson.release.xcconfig"; sourceTree = "<group>"; };
		6B704E961ED1884D4121B5D9 /* Pods_PracticeLesson.framework */ = {isa = PBXFileReference; explicitFileType = wrapper.framework; includeInIndex = 0; path = Pods_PracticeLesson.framework; sourceTree = BUILT_PRODUCTS_DIR; };
		C03693B0298D0D33005CB915 /* PracticeLesson.app */ = {isa = PBXFileReference; explicitFileType = wrapper.application; includeInIndex = 0; path = PracticeLesson.app; sourceTree = BUILT_PRODUCTS_DIR; };
		C03693B3298D0D33005CB915 /* AppDelegate.swift */ = {isa = PBXFileReference; lastKnownFileType = sourcecode.swift; path = AppDelegate.swift; sourceTree = "<group>"; };
		C03693B5298D0D33005CB915 /* SceneDelegate.swift */ = {isa = PBXFileReference; lastKnownFileType = sourcecode.swift; path = SceneDelegate.swift; sourceTree = "<group>"; };
		C03693B7298D0D33005CB915 /* MainViewController.swift */ = {isa = PBXFileReference; lastKnownFileType = sourcecode.swift; path = MainViewController.swift; sourceTree = "<group>"; };
		C03693BA298D0D33005CB915 /* Base */ = {isa = PBXFileReference; lastKnownFileType = file.storyboard; name = Base; path = Base.lproj/Main.storyboard; sourceTree = "<group>"; };
		C03693BC298D0D34005CB915 /* Assets.xcassets */ = {isa = PBXFileReference; lastKnownFileType = folder.assetcatalog; path = Assets.xcassets; sourceTree = "<group>"; };
		C03693BF298D0D34005CB915 /* Base */ = {isa = PBXFileReference; lastKnownFileType = file.storyboard; name = Base; path = Base.lproj/LaunchScreen.storyboard; sourceTree = "<group>"; };
		C03693C1298D0D34005CB915 /* Info.plist */ = {isa = PBXFileReference; lastKnownFileType = text.plist.xml; path = Info.plist; sourceTree = "<group>"; };
		C03693C7298D0DEE005CB915 /* NetworkLayer.swift */ = {isa = PBXFileReference; lastKnownFileType = sourcecode.swift; path = NetworkLayer.swift; sourceTree = "<group>"; };
		C03693CD298D0FB3005CB915 /* Posts.swift */ = {isa = PBXFileReference; lastKnownFileType = sourcecode.swift; path = Posts.swift; sourceTree = "<group>"; };
		C03693D3298D1436005CB915 /* MainViewModel.swift */ = {isa = PBXFileReference; lastKnownFileType = sourcecode.swift; path = MainViewModel.swift; sourceTree = "<group>"; };
		C9A5576485CED7D95B3051FE /* Pods-PracticeLesson.debug.xcconfig */ = {isa = PBXFileReference; includeInIndex = 1; lastKnownFileType = text.xcconfig; name = "Pods-PracticeLesson.debug.xcconfig"; path = "Target Support Files/Pods-PracticeLesson/Pods-PracticeLesson.debug.xcconfig"; sourceTree = "<group>"; };
/* End PBXFileReference section */

/* Begin PBXFrameworksBuildPhase section */
		C03693AD298D0D33005CB915 /* Frameworks */ = {
			isa = PBXFrameworksBuildPhase;
			buildActionMask = 2147483647;
			files = (
				18141251C16BC00DE094A207 /* Pods_PracticeLesson.framework in Frameworks */,
			);
			runOnlyForDeploymentPostprocessing = 0;
		};
/* End PBXFrameworksBuildPhase section */

/* Begin PBXGroup section */
		2BB69223F881199E227B317A /* Frameworks */ = {
			isa = PBXGroup;
			children = (
				6B704E961ED1884D4121B5D9 /* Pods_PracticeLesson.framework */,
			);
			name = Frameworks;
			sourceTree = "<group>";
		};
		31AE5C3FA80BFBCD06D1C8A5 /* Pods */ = {
			isa = PBXGroup;
			children = (
				C9A5576485CED7D95B3051FE /* Pods-PracticeLesson.debug.xcconfig */,
				4647FDF2B51C334116EFCB28 /* Pods-PracticeLesson.release.xcconfig */,
			);
			name = Pods;
			path = Pods;
			sourceTree = "<group>";
		};
		C03693A7298D0D33005CB915 = {
			isa = PBXGroup;
			children = (
				C03693B2298D0D33005CB915 /* PracticeLesson */,
				C03693B1298D0D33005CB915 /* Products */,
				31AE5C3FA80BFBCD06D1C8A5 /* Pods */,
				2BB69223F881199E227B317A /* Frameworks */,
			);
			sourceTree = "<group>";
		};
		C03693B1298D0D33005CB915 /* Products */ = {
			isa = PBXGroup;
			children = (
				C03693B0298D0D33005CB915 /* PracticeLesson.app */,
			);
			name = Products;
			sourceTree = "<group>";
		};
		C03693B2298D0D33005CB915 /* PracticeLesson */ = {
			isa = PBXGroup;
			children = (
				C03693CB298D0F13005CB915 /* Model */,
				C03693CA298D0E75005CB915 /* Resourses */,
				C03693C9298D0E60005CB915 /* App */,
				C03693D1298D13B9005CB915 /* Models */,
			);
			path = PracticeLesson;
			sourceTree = "<group>";
		};
		C03693C9298D0E60005CB915 /* App */ = {
			isa = PBXGroup;
			children = (
				C03693B3298D0D33005CB915 /* AppDelegate.swift */,
				C03693B5298D0D33005CB915 /* SceneDelegate.swift */,
			);
			path = App;
			sourceTree = "<group>";
		};
		C03693CA298D0E75005CB915 /* Resourses */ = {
			isa = PBXGroup;
			children = (
				C03693BE298D0D34005CB915 /* LaunchScreen.storyboard */,
				C03693B9298D0D33005CB915 /* Main.storyboard */,
				C03693BC298D0D34005CB915 /* Assets.xcassets */,
				C03693C1298D0D34005CB915 /* Info.plist */,
			);
			path = Resourses;
			sourceTree = "<group>";
		};
		C03693CB298D0F13005CB915 /* Model */ = {
			isa = PBXGroup;
			children = (
				C03693D2298D13F8005CB915 /* NetworkLayer */,
				C03693CC298D0F2F005CB915 /* DTOS */,
			);
			path = Model;
			sourceTree = "<group>";
		};
		C03693CC298D0F2F005CB915 /* DTOS */ = {
			isa = PBXGroup;
			children = (
				C03693CD298D0FB3005CB915 /* Posts.swift */,
			);
			path = DTOS;
			sourceTree = "<group>";
		};
		C03693CF298D12A5005CB915 /* MainWorkFlow */ = {
			isa = PBXGroup;
			children = (
				C03693D0298D1347005CB915 /* ViewModel */,
			);
			path = MainWorkFlow;
			sourceTree = "<group>";
		};
		C03693D0298D1347005CB915 /* ViewModel */ = {
			isa = PBXGroup;
			children = (
				C03693D3298D1436005CB915 /* MainViewModel.swift */,
				C03693D5298D14AF005CB915 /* View */,
			);
			path = ViewModel;
			sourceTree = "<group>";
		};
		C03693D1298D13B9005CB915 /* Models */ = {
			isa = PBXGroup;
			children = (
				C03693CF298D12A5005CB915 /* MainWorkFlow */,
			);
			path = Models;
			sourceTree = "<group>";
		};
		C03693D2298D13F8005CB915 /* NetworkLayer */ = {
			isa = PBXGroup;
			children = (
				C03693C7298D0DEE005CB915 /* NetworkLayer.swift */,
			);
			path = NetworkLayer;
			sourceTree = "<group>";
		};
		C03693D5298D14AF005CB915 /* View */ = {
			isa = PBXGroup;
			children = (
				C03693B7298D0D33005CB915 /* MainViewController.swift */,
			);
			path = View;
			sourceTree = "<group>";
		};
/* End PBXGroup section */

/* Begin PBXNativeTarget section */
		C03693AF298D0D33005CB915 /* PracticeLesson */ = {
			isa = PBXNativeTarget;
			buildConfigurationList = C03693C4298D0D34005CB915 /* Build configuration list for PBXNativeTarget "PracticeLesson" */;
			buildPhases = (
				0E7B0A20E347CC8F41A6FF73 /* [CP] Check Pods Manifest.lock */,
				C03693AC298D0D33005CB915 /* Sources */,
				C03693AD298D0D33005CB915 /* Frameworks */,
				C03693AE298D0D33005CB915 /* Resources */,
				6525370E2FC64D9600485D5A /* [CP] Embed Pods Frameworks */,
			);
			buildRules = (
			);
			dependencies = (
			);
			name = PracticeLesson;
			productName = PracticeLesson;
			productReference = C03693B0298D0D33005CB915 /* PracticeLesson.app */;
			productType = "com.apple.product-type.application";
		};
/* End PBXNativeTarget section */

/* Begin PBXProject section */
		C03693A8298D0D33005CB915 /* Project object */ = {
			isa = PBXProject;
			attributes = {
				BuildIndependentTargetsInParallel = 1;
				LastSwiftUpdateCheck = 1410;
				LastUpgradeCheck = 1410;
				TargetAttributes = {
					C03693AF298D0D33005CB915 = {
						CreatedOnToolsVersion = 14.1;
					};
				};
			};
			buildConfigurationList = C03693AB298D0D33005CB915 /* Build configuration list for PBXProject "PracticeLesson" */;
			compatibilityVersion = "Xcode 13.0";
			developmentRegion = en;
			hasScannedForEncodings = 0;
			knownRegions = (
				en,
				Base,
			);
			mainGroup = C03693A7298D0D33005CB915;
			productRefGroup = C03693B1298D0D33005CB915 /* Products */;
			projectDirPath = "";
			projectRoot = "";
			targets = (
				C03693AF298D0D33005CB915 /* PracticeLesson */,
			);
		};
/* End PBXProject section */

/* Begin PBXResourcesBuildPhase section */
		C03693AE298D0D33005CB915 /* Resources */ = {
			isa = PBXResourcesBuildPhase;
			buildActionMask = 2147483647;
			files = (
				C03693C0298D0D34005CB915 /* LaunchScreen.storyboard in Resources */,
				C03693BD298D0D34005CB915 /* Assets.xcassets in Resources */,
				C03693BB298D0D33005CB915 /* Main.storyboard in Resources */,
			);
			runOnlyForDeploymentPostprocessing = 0;
		};
/* End PBXResourcesBuildPhase section */

/* Begin PBXShellScriptBuildPhase section */
		0E7B0A20E347CC8F41A6FF73 /* [CP] Check Pods Manifest.lock */ = {
			isa = PBXShellScriptBuildPhase;
			buildActionMask = 2147483647;
			files = (
			);
			inputFileListPaths = (
			);
			inputPaths = (
				"${PODS_PODFILE_DIR_PATH}/Podfile.lock",
				"${PODS_ROOT}/Manifest.lock",
			);
			name = "[CP] Check Pods Manifest.lock";
			outputFileListPaths = (
			);
			outputPaths = (
				"$(DERIVED_FILE_DIR)/Pods-PracticeLesson-checkManifestLockResult.txt",
			);
			runOnlyForDeploymentPostprocessing = 0;
			shellPath = /bin/sh;
			shellScript = "diff \"${PODS_PODFILE_DIR_PATH}/Podfile.lock\" \"${PODS_ROOT}/Manifest.lock\" > /dev/null\nif [ $? != 0 ] ; then\n    # print error to STDERR\n    echo \"error: The sandbox is not in sync with the Podfile.lock. Run 'pod install' or update your CocoaPods installation.\" >&2\n    exit 1\nfi\n# This output is used by Xcode 'outputs' to avoid re-running this script phase.\necho \"SUCCESS\" > \"${SCRIPT_OUTPUT_FILE_0}\"\n";
			showEnvVarsInLog = 0;
		};
		6525370E2FC64D9600485D5A /* [CP] Embed Pods Frameworks */ = {
			isa = PBXShellScriptBuildPhase;
			buildActionMask = 2147483647;
			files = (
			);
			inputFileListPaths = (
				"${PODS_ROOT}/Target Support Files/Pods-PracticeLesson/Pods-PracticeLesson-frameworks-${CONFIGURATION}-input-files.xcfilelist",
			);
			name = "[CP] Embed Pods Frameworks";
			outputFileListPaths = (
				"${PODS_ROOT}/Target Support Files/Pods-PracticeLesson/Pods-PracticeLesson-frameworks-${CONFIGURATION}-output-files.xcfilelist",
			);
			runOnlyForDeploymentPostprocessing = 0;
			shellPath = /bin/sh;
			shellScript = "\"${PODS_ROOT}/Target Support Files/Pods-PracticeLesson/Pods-PracticeLesson-frameworks.sh\"\n";
			showEnvVarsInLog = 0;
		};
/* End PBXShellScriptBuildPhase section */

/* Begin PBXSourcesBuildPhase section */
		C03693AC298D0D33005CB915 /* Sources */ = {
			isa = PBXSourcesBuildPhase;
			buildActionMask = 2147483647;
			files = (
				C03693C8298D0DEE005CB915 /* NetworkLayer.swift in Sources */,
				C03693B8298D0D33005CB915 /* MainViewController.swift in Sources */,
				C03693CE298D0FB3005CB915 /* Posts.swift in Sources */,
				C03693B4298D0D33005CB915 /* AppDelegate.swift in Sources */,
				C03693B6298D0D33005CB915 /* SceneDelegate.swift in Sources */,
				C03693D4298D1436005CB915 /* MainViewModel.swift in Sources */,
			);
			runOnlyForDeploymentPostprocessing = 0;
		};
/* End PBXSourcesBuildPhase section */

/* Begin PBXVariantGroup section */
		C03693B9298D0D33005CB915 /* Main.storyboard */ = {
			isa = PBXVariantGroup;
			children = (
				C03693BA298D0D33005CB915 /* Base */,
			);
			name = Main.storyboard;
			sourceTree = "<group>";
		};
		C03693BE298D0D34005CB915 /* LaunchScreen.storyboard */ = {
			isa = PBXVariantGroup;
			children = (
				C03693BF298D0D34005CB915 /* Base */,
			);
			name = LaunchScreen.storyboard;
			sourceTree = "<group>";
		};
/* End PBXVariantGroup section */

/* Begin XCBuildConfiguration section */
		C03693C2298D0D34005CB915 /* Debug */ = {
			isa = XCBuildConfiguration;
			buildSettings = {
				ALWAYS_SEARCH_USER_PATHS = NO;
				CLANG_ANALYZER_NONNULL = YES;
				CLANG_ANALYZER_NUMBER_OBJECT_CONVERSION = YES_AGGRESSIVE;
				CLANG_CXX_LANGUAGE_STANDARD = "gnu++20";
				CLANG_ENABLE_MODULES = YES;
				CLANG_ENABLE_OBJC_ARC = YES;
				CLANG_ENABLE_OBJC_WEAK = YES;
				CLANG_WARN_BLOCK_CAPTURE_AUTORELEASING = YES;
				CLANG_WARN_BOOL_CONVERSION = YES;
				CLANG_WARN_COMMA = YES;
				CLANG_WARN_CONSTANT_CONVERSION = YES;
				CLANG_WARN_DEPRECATED_OBJC_IMPLEMENTATIONS = YES;
				CLANG_WARN_DIRECT_OBJC_ISA_USAGE = YES_ERROR;
				CLANG_WARN_DOCUMENTATION_COMMENTS = YES;
				CLANG_WARN_EMPTY_BODY = YES;
				CLANG_WARN_ENUM_CONVERSION = YES;
				CLANG_WARN_INFINITE_RECURSION = YES;
				CLANG_WARN_INT_CONVERSION = YES;
				CLANG_WARN_NON_LITERAL_NULL_CONVERSION = YES;
				CLANG_WARN_OBJC_IMPLICIT_RETAIN_SELF = YES;
				CLANG_WARN_OBJC_LITERAL_CONVERSION = YES;
				CLANG_WARN_OBJC_ROOT_CLASS = YES_ERROR;
				CLANG_WARN_QUOTED_INCLUDE_IN_FRAMEWORK_HEADER = YES;
				CLANG_WARN_RANGE_LOOP_ANALYSIS = YES;
				CLANG_WARN_STRICT_PROTOTYPES = YES;
				CLANG_WARN_SUSPICIOUS_MOVE = YES;
				CLANG_WARN_UNGUARDED_AVAILABILITY = YES_AGGRESSIVE;
				CLANG_WARN_UNREACHABLE_CODE = YES;
				CLANG_WARN__DUPLICATE_METHOD_MATCH = YES;
				COPY_PHASE_STRIP = NO;
				DEBUG_INFORMATION_FORMAT = dwarf;
				ENABLE_STRICT_OBJC_MSGSEND = YES;
				ENABLE_TESTABILITY = YES;
				GCC_C_LANGUAGE_STANDARD = gnu11;
				GCC_DYNAMIC_NO_PIC = NO;
				GCC_NO_COMMON_BLOCKS = YES;
				GCC_OPTIMIZATION_LEVEL = 0;
				GCC_PREPROCESSOR_DEFINITIONS = (
					"DEBUG=1",
					"$(inherited)",
				);
				GCC_WARN_64_TO_32_BIT_CONVERSION = YES;
				GCC_WARN_ABOUT_RETURN_TYPE = YES_ERROR;
				GCC_WARN_UNDECLARED_SELECTOR = YES;
				GCC_WARN_UNINITIALIZED_AUTOS = YES_AGGRESSIVE;
				GCC_WARN_UNUSED_FUNCTION = YES;
				GCC_WARN_UNUSED_VARIABLE = YES;
				IPHONEOS_DEPLOYMENT_TARGET = 16.1;
				MTL_ENABLE_DEBUG_INFO = INCLUDE_SOURCE;
				MTL_FAST_MATH = YES;
				ONLY_ACTIVE_ARCH = YES;
				SDKROOT = iphoneos;
				SWIFT_ACTIVE_COMPILATION_CONDITIONS = DEBUG;
				SWIFT_OPTIMIZATION_LEVEL = "-Onone";
			};
			name = Debug;
		};
		C03693C3298D0D34005CB915 /* Release */ = {
			isa = XCBuildConfiguration;
			buildSettings = {
				ALWAYS_SEARCH_USER_PATHS = NO;
				CLANG_ANALYZER_NONNULL = YES;
				CLANG_ANALYZER_NUMBER_OBJECT_CONVERSION = YES_AGGRESSIVE;
				CLANG_CXX_LANGUAGE_STANDARD = "gnu++20";
				CLANG_ENABLE_MODULES = YES;
				CLANG_ENABLE_OBJC_ARC = YES;
				CLANG_ENABLE_OBJC_WEAK = YES;
				CLANG_WARN_BLOCK_CAPTURE_AUTORELEASING = YES;
				CLANG_WARN_BOOL_CONVERSION = YES;
				CLANG_WARN_COMMA = YES;
				CLANG_WARN_CONSTANT_CONVERSION = YES;
				CLANG_WARN_DEPRECATED_OBJC_IMPLEMENTATIONS = YES;
				CLANG_WARN_DIRECT_OBJC_ISA_USAGE = YES_ERROR;
				CLANG_WARN_DOCUMENTATION_COMMENTS = YES;
				CLANG_WARN_EMPTY_BODY = YES;
				CLANG_WARN_ENUM_CONVERSION = YES;
				CLANG_WARN_INFINITE_RECURSION = YES;
				CLANG_WARN_INT_CONVERSION = YES;
				CLANG_WARN_NON_LITERAL_NULL_CONVERSION = YES;
				CLANG_WARN_OBJC_IMPLICIT_RETAIN_SELF = YES;
				CLANG_WARN_OBJC_LITERAL_CONVERSION = YES;
				CLANG_WARN_OBJC_ROOT_CLASS = YES_ERROR;
				CLANG_WARN_QUOTED_INCLUDE_IN_FRAMEWORK_HEADER = YES;
				CLANG_WARN_RANGE_LOOP_ANALYSIS = YES;
				CLANG_WARN_STRICT_PROTOTYPES = YES;
				CLANG_WARN_SUSPICIOUS_MOVE = YES;
				CLANG_WARN_UNGUARDED_AVAILABILITY = YES_AGGRESSIVE;
				CLANG_WARN_UNREACHABLE_CODE = YES;
				CLANG_WARN__DUPLICATE_METHOD_MATCH = YES;
				COPY_PHASE_STRIP = NO;
				DEBUG_INFORMATION_FORMAT = "dwarf-with-dsym";
				ENABLE_NS_ASSERTIONS = NO;
				ENABLE_STRICT_OBJC_MSGSEND = YES;
				GCC_C_LANGUAGE_STANDARD = gnu11;
				GCC_NO_COMMON_BLOCKS = YES;
				GCC_WARN_64_TO_32_BIT_CONVERSION = YES;
				GCC_WARN_ABOUT_RETURN_TYPE = YES_ERROR;
				GCC_WARN_UNDECLARED_SELECTOR = YES;
				GCC_WARN_UNINITIALIZED_AUTOS = YES_AGGRESSIVE;
				GCC_WARN_UNUSED_FUNCTION = YES;
				GCC_WARN_UNUSED_VARIABLE = YES;
				IPHONEOS_DEPLOYMENT_TARGET = 16.1;
				MTL_ENABLE_DEBUG_INFO = NO;
				MTL_FAST_MATH = YES;
				SDKROOT = iphoneos;
				SWIFT_COMPILATION_MODE = wholemodule;
				SWIFT_OPTIMIZATION_LEVEL = "-O";
				VALIDATE_PRODUCT = YES;
			};
			name = Release;
		};
		C03693C5298D0D34005CB915 /* Debug */ = {
			isa = XCBuildConfiguration;
			baseConfigurationReference = C9A5576485CED7D95B3051FE /* Pods-PracticeLesson.debug.xcconfig */;
			buildSettings = {
				ASSETCATALOG_COMPILER_APPICON_NAME = AppIcon;
				ASSETCATALOG_COMPILER_GLOBAL_ACCENT_COLOR_NAME = AccentColor;
				CODE_SIGN_STYLE = Automatic;
				CURRENT_PROJECT_VERSION = 1;
				GENERATE_INFOPLIST_FILE = YES;
				INFOPLIST_FILE = PracticeLesson/Resourses/Info.plist;
				INFOPLIST_KEY_UIApplicationSupportsIndirectInputEvents = YES;
				INFOPLIST_KEY_UILaunchStoryboardName = LaunchScreen;
				INFOPLIST_KEY_UIMainStoryboardFile = Main;
				INFOPLIST_KEY_UISupportedInterfaceOrientations_iPad = "UIInterfaceOrientationPortrait UIInterfaceOrientationPortraitUpsideDown UIInterfaceOrientationLandscapeLeft UIInterfaceOrientationLandscapeRight";
				INFOPLIST_KEY_UISupportedInterfaceOrientations_iPhone = "UIInterfaceOrientationPortrait UIInterfaceOrientationLandscapeLeft UIInterfaceOrientationLandscapeRight";
				LD_RUNPATH_SEARCH_PATHS = (
					"$(inherited)",
					"@executable_path/Frameworks",
				);
				MARKETING_VERSION = 1.0;
				PRODUCT_BUNDLE_IDENTIFIER = Keri.PracticeLesson;
				PRODUCT_NAME = "$(TARGET_NAME)";
				SWIFT_EMIT_LOC_STRINGS = YES;
				SWIFT_VERSION = 5.0;
				TARGETED_DEVICE_FAMILY = "1,2";
			};
			name = Debug;
		};
		C03693C6298D0D34005CB915 /* Release */ = {
			isa = XCBuildConfiguration;
			baseConfigurationReference = 4647FDF2B51C334116EFCB28 /* Pods-PracticeLesson.release.xcconfig */;
			buildSettings = {
				ASSETCATALOG_COMPILER_APPICON_NAME = AppIcon;
				ASSETCATALOG_COMPILER_GLOBAL_ACCENT_COLOR_NAME = AccentColor;
				CODE_SIGN_STYLE = Automatic;
				CURRENT_PROJECT_VERSION = 1;
				GENERATE_INFOPLIST_FILE = YES;
				INFOPLIST_FILE = PracticeLesson/Resourses/Info.plist;
				INFOPLIST_KEY_UIApplicationSupportsIndirectInputEvents = YES;
				INFOPLIST_KEY_UILaunchStoryboardName = LaunchScreen;
				INFOPLIST_KEY_UIMainStoryboardFile = Main;
				INFOPLIST_KEY_UISupportedInterfaceOrientations_iPad = "UIInterfaceOrientationPortrait UIInterfaceOrientationPortraitUpsideDown UIInterfaceOrientationLandscapeLeft UIInterfaceOrientationLandscapeRight";
				INFOPLIST_KEY_UISupportedInterfaceOrientations_iPhone = "UIInterfaceOrientationPortrait UIInterfaceOrientationLandscapeLeft UIInterfaceOrientationLandscapeRight";
				LD_RUNPATH_SEARCH_PATHS = (
					"$(inherited)",
					"@executable_path/Frameworks",
				);
				MARKETING_VERSION = 1.0;
				PRODUCT_BUNDLE_IDENTIFIER = Keri.PracticeLesson;
				PRODUCT_NAME = "$(TARGET_NAME)";
				SWIFT_EMIT_LOC_STRINGS = YES;
				SWIFT_VERSION = 5.0;
				TARGETED_DEVICE_FAMILY = "1,2";
			};
			name = Release;
		};
/* End XCBuildConfiguration section */

/* Begin XCConfigurationList section */
		C03693AB298D0D33005CB915 /* Build configuration list for PBXProject "PracticeLesson" */ = {
			isa = XCConfigurationList;
			buildConfigurations = (
				C03693C2298D0D34005CB915 /* Debug */,
				C03693C3298D0D34005CB915 /* Release */,
			);
			defaultConfigurationIsVisible = 0;
			defaultConfigurationName = Release;
		};
		C03693C4298D0D34005CB915 /* Build configuration list for PBXNativeTarget "PracticeLesson" */ = {
			isa = XCConfigurationList;
			buildConfigurations = (
				C03693C5298D0D34005CB915 /* Debug */,
				C03693C6298D0D34005CB915 /* Release */,
			);
			defaultConfigurationIsVisible = 0;
			defaultConfigurationName = Release;
		};
/* End XCConfigurationList section */
	};
	rootObject = C03693A8298D0D33005CB915 /* Project object */;
}
